
Microsoft Visual Studio Solution File, Format Version 12.00
# Visual Studio 15
VisualStudioVersion = 15.0.26730.12
MinimumVisualStudioVersion = 10.0.40219.1
Project("{FAE04EC0-301F-11D3-BF4B-00C04F79EFBC}") = "PrismStarWarsApp", "PrismStarWarsApp\PrismStarWarsApp\PrismStarWarsApp.csproj", "{DF8A79AE-DFBA-4F42-B130-80E01BDFE3FE}"
EndProject
Project("{FAE04EC0-301F-11D3-BF4B-00C04F79EFBC}") = "PrismStarWarsApp.Droid", "PrismStarWarsApp\PrismStarWarsApp.Droid\PrismStarWarsApp.Droid.csproj", "{8AB08EEF-BAE9-4ED6-A021-155B6EE96AB0}"
EndProject
Project("{FAE04EC0-301F-11D3-BF4B-00C04F79EFBC}") = "PrismStarWarsApp.iOS", "PrismStarWarsApp\PrismStarWarsApp.iOS\PrismStarWarsApp.iOS.csproj", "{330C3A8D-942A-4015-8F89-3DD9DC818E86}"
EndProject
Global
	GlobalSection(SolutionConfigurationPlatforms) = preSolution
		Ad-Hoc|Any CPU = Ad-Hoc|Any CPU
		Ad-Hoc|iPhone = Ad-Hoc|iPhone
		Ad-Hoc|iPhoneSimulator = Ad-Hoc|iPhoneSimulator
		AppStore|Any CPU = AppStore|Any CPU
		AppStore|iPhone = AppStore|iPhone
		AppStore|iPhoneSimulator = AppStore|iPhoneSimulator
		Debug|Any CPU = Debug|Any CPU
		Debug|iPhone = Debug|iPhone
		Debug|iPhoneSimulator = Debug|iPhoneSimulator
		Release|Any CPU = Release|Any CPU
		Release|iPhone = Release|iPhone
		Release|iPhoneSimulator = Release|iPhoneSimulator
	EndGlobalSection
	GlobalSection(ProjectConfigurationPlatforms) = postSolution
		{DF8A79AE-DFBA-4F42-B130-80E01BDFE3FE}.Ad-Hoc|Any CPU.ActiveCfg = Release|Any CPU
		{DF8A79AE-DFBA-4F42-B130-80E01BDFE3FE}.Ad-Hoc|Any CPU.Build.0 = Release|Any CPU
		{DF8A79AE-DFBA-4F42-B130-80E01BDFE3FE}.Ad-Hoc|iPhone.ActiveCfg = Release|Any CPU
		{DF8A79AE-DFBA-4F42-B130-80E01BDFE3FE}.Ad-Hoc|iPhone.Build.0 = Release|Any CPU
		{DF8A79AE-DFBA-4F42-B130-80E01BDFE3FE}.Ad-Hoc|iPhoneSimulator.ActiveCfg = Release|Any CPU
		{DF8A79AE-DFBA-4F42-B130-80E01BDFE3FE}.Ad-Hoc|iPhoneSimulator.Build.0 = Release|Any CPU
		{DF8A79AE-DFBA-4F42-B130-80E01BDFE3FE}.AppStore|Any CPU.ActiveCfg = Release|Any CPU
		{DF8A79AE-DFBA-4F42-B130-80E01BDFE3FE}.AppStore|Any CPU.Build.0 = Release|Any CPU
		{DF8A79AE-DFBA-4F42-B130-80E01BDFE3FE}.AppStore|iPhone.ActiveCfg = Release|Any CPU
		{DF8A79AE-DFBA-4F42-B130-80E01BDFE3FE}.AppStore|iPhone.Build.0 = Release|Any CPU
		{DF8A79AE-DFBA-4F42-B130-80E01BDFE3FE}.AppStore|iPhoneSimulator.ActiveCfg = Release|Any CPU
		{DF8A79AE-DFBA-4F42-B130-80E01BDFE3FE}.AppStore|iPhoneSimulator.Build.0 = Release|Any CPU
		{DF8A79AE-DFBA-4F42-B130-80E01BDFE3FE}.Debug|Any CPU.ActiveCfg = Debug|Any CPU
		{DF8A79AE-DFBA-4F42-B130-80E01BDFE3FE}.Debug|Any CPU.Build.0 = Debug|Any CPU
		{DF8A79AE-DFBA-4F42-B130-80E01BDFE3FE}.Debug|iPhone.ActiveCfg = Debug|Any CPU
		{DF8A79AE-DFBA-4F42-B130-80E01BDFE3FE}.Debug|iPhone.Build.0 = Debug|Any CPU
		{DF8A79AE-DFBA-4F42-B130-80E01BDFE3FE}.Debug|iPhoneSimulator.ActiveCfg = Debug|Any CPU
		{DF8A79AE-DFBA-4F42-B130-80E01BDFE3FE}.Debug|iPhoneSimulator.Build.0 = Debug|Any CPU
		{DF8A79AE-DFBA-4F42-B130-80E01BDFE3FE}.Release|Any CPU.ActiveCfg = Release|Any CPU
		{DF8A79AE-DFBA-4F42-B130-80E01BDFE3FE}.Release|Any CPU.Build.0 = Release|Any CPU
		{DF8A79AE-DFBA-4F42-B130-80E01BDFE3FE}.Release|iPhone.ActiveCfg = Release|Any CPU
		{DF8A79AE-DFBA-4F42-B130-80E01BDFE3FE}.Release|iPhone.Build.0 = Release|Any CPU
		{DF8A79AE-DFBA-4F42-B130-80E01BDFE3FE}.Release|iPhoneSimulator.ActiveCfg = Release|Any CPU
		{DF8A79AE-DFBA-4F42-B130-80E01BDFE3FE}.Release|iPhoneSimulator.Build.0 = Release|Any CPU
		{8AB08EEF-BAE9-4ED6-A021-155B6EE96AB0}.Ad-Hoc|Any CPU.ActiveCfg = Release|Any CPU
		{8AB08EEF-BAE9-4ED6-A021-155B6EE96AB0}.Ad-Hoc|Any CPU.Build.0 = Release|Any CPU
		{8AB08EEF-BAE9-4ED6-A021-155B6EE96AB0}.Ad-Hoc|Any CPU.Deploy.0 = Release|Any CPU
		{8AB08EEF-BAE9-4ED6-A021-155B6EE96AB0}.Ad-Hoc|iPhone.ActiveCfg = Release|Any CPU
		{8AB08EEF-BAE9-4ED6-A021-155B6EE96AB0}.Ad-Hoc|iPhone.Build.0 = Release|Any CPU
		{8AB08EEF-BAE9-4ED6-A021-155B6EE96AB0}.Ad-Hoc|iPhone.Deploy.0 = Release|Any CPU
		{8AB08EEF-BAE9-4ED6-A021-155B6EE96AB0}.Ad-Hoc|iPhoneSimulator.ActiveCfg = Release|Any CPU
		{8AB08EEF-BAE9-4ED6-A021-155B6EE96AB0}.Ad-Hoc|iPhoneSimulator.Build.0 = Release|Any CPU
		{8AB08EEF-BAE9-4ED6-A021-155B6EE96AB0}.Ad-Hoc|iPhoneSimulator.Deploy.0 = Release|Any CPU
		{8AB08EEF-BAE9-4ED6-A021-155B6EE96AB0}.AppStore|Any CPU.ActiveCfg = Release|Any CPU
		{8AB08EEF-BAE9-4ED6-A021-155B6EE96AB0}.AppStore|Any CPU.Build.0 = Release|Any CPU
		{8AB08EEF-BAE9-4ED6-A021-155B6EE96AB0}.AppStore|Any CPU.Deploy.0 = Release|Any CPU
		{8AB08EEF-BAE9-4ED6-A021-155B6EE96AB0}.AppStore|iPhone.ActiveCfg = Release|Any CPU
		{8AB08EEF-BAE9-4ED6-A021-155B6EE96AB0}.AppStore|iPhone.Build.0 = Release|Any CPU
		{8AB08EEF-BAE9-4ED6-A021-155B6EE96AB0}.AppStore|iPhone.Deploy.0 = Release|Any CPU
		{8AB08EEF-BAE9-4ED6-A021-155B6EE96AB0}.AppStore|iPhoneSimulator.ActiveCfg = Release|Any CPU
		{8AB08EEF-BAE9-4ED6-A021-155B6EE96AB0}.AppStore|iPhoneSimulator.Build.0 = Release|Any CPU
		{8AB08EEF-BAE9-4ED6-A021-155B6EE96AB0}.AppStore|iPhoneSimulator.Deploy.0 = Release|Any CPU
		{8AB08EEF-BAE9-4ED6-A021-155B6EE96AB0}.Debug|Any CPU.ActiveCfg = Debug|Any CPU
		{8AB08EEF-BAE9-4ED6-A021-155B6EE96AB0}.Debug|Any CPU.Build.0 = Debug|Any CPU
		{8AB08EEF-BAE9-4ED6-A021-155B6EE96AB0}.Debug|Any CPU.Deploy.0 = Debug|Any CPU
		{8AB08EEF-BAE9-4ED6-A021-155B6EE96AB0}.Debug|iPhone.ActiveCfg = Debug|Any CPU
		{8AB08EEF-BAE9-4ED6-A021-155B6EE96AB0}.Debug|iPhone.Build.0 = Debug|Any CPU
		{8AB08EEF-BAE9-4ED6-A021-155B6EE96AB0}.Debug|iPhone.Deploy.0 = Debug|Any CPU
		{8AB08EEF-BAE9-4ED6-A021-155B6EE96AB0}.Debug|iPhoneSimulator.ActiveCfg = Debug|Any CPU
		{8AB08EEF-BAE9-4ED6-A021-155B6EE96AB0}.Debug|iPhoneSimulator.Build.0 = Debug|Any CPU
		{8AB08EEF-BAE9-4ED6-A021-155B6EE96AB0}.Debug|iPhoneSimulator.Deploy.0 = Debug|Any CPU
		{8AB08EEF-BAE9-4ED6-A021-155B6EE96AB0}.Release|Any CPU.ActiveCfg = Release|Any CPU
		{8AB08EEF-BAE9-4ED6-A021-155B6EE96AB0}.Release|Any CPU.Build.0 = Release|Any CPU
		{8AB08EEF-BAE9-4ED6-A021-155B6EE96AB0}.Release|Any CPU.Deploy.0 = Release|Any CPU
		{8AB08EEF-BAE9-4ED6-A021-155B6EE96AB0}.Release|iPhone.ActiveCfg = Release|Any CPU
		{8AB08EEF-BAE9-4ED6-A021-155B6EE96AB0}.Release|iPhone.Build.0 = Release|Any CPU
		{8AB08EEF-BAE9-4ED6-A021-155B6EE96AB0}.Release|iPhone.Deploy.0 = Release|Any CPU
		{8AB08EEF-BAE9-4ED6-A021-155B6EE96AB0}.Release|iPhoneSimulator.ActiveCfg = Release|Any CPU
		{8AB08EEF-BAE9-4ED6-A021-155B6EE96AB0}.Release|iPhoneSimulator.Build.0 = Release|Any CPU
		{8AB08EEF-BAE9-4ED6-A021-155B6EE96AB0}.Release|iPhoneSimulator.Deploy.0 = Release|Any CPU
		{330C3A8D-942A-4015-8F89-3DD9DC818E86}.Ad-Hoc|Any CPU.ActiveCfg = Ad-Hoc|iPhone
		{330C3A8D-942A-4015-8F89-3DD9DC818E86}.Ad-Hoc|iPhone.ActiveCfg = Ad-Hoc|iPhone
		{330C3A8D-942A-4015-8F89-3DD9DC818E86}.Ad-Hoc|iPhone.Build.0 = Ad-Hoc|iPhone
		{330C3A8D-942A-4015-8F89-3DD9DC818E86}.Ad-Hoc|iPhoneSimulator.ActiveCfg = Ad-Hoc|iPhoneSimulator
		{330C3A8D-942A-4015-8F89-3DD9DC818E86}.Ad-Hoc|iPhoneSimulator.Build.0 = Ad-Hoc|iPhoneSimulator
		{330C3A8D-942A-4015-8F89-3DD9DC818E86}.AppStore|Any CPU.ActiveCfg = AppStore|iPhone
		{330C3A8D-942A-4015-8F89-3DD9DC818E86}.AppStore|iPhone.ActiveCfg = AppStore|iPhone
		{330C3A8D-942A-4015-8F89-3DD9DC818E86}.AppStore|iPhone.Build.0 = AppStore|iPhone
		{330C3A8D-942A-4015-8F89-3DD9DC818E86}.AppStore|iPhoneSimulator.ActiveCfg = AppStore|iPhoneSimulator
		{330C3A8D-942A-4015-8F89-3DD9DC818E86}.AppStore|iPhoneSimulator.Build.0 = AppStore|iPhoneSimulator
		{330C3A8D-942A-4015-8F89-3DD9DC818E86}.Debug|Any CPU.ActiveCfg = Debug|iPhone
		{330C3A8D-942A-4015-8F89-3DD9DC818E86}.Debug|iPhone.ActiveCfg = Debug|iPhone
		{330C3A8D-942A-4015-8F89-3DD9DC818E86}.Debug|iPhone.Build.0 = Debug|iPhone
		{330C3A8D-942A-4015-8F89-3DD9DC818E86}.Debug|iPhoneSimulator.ActiveCfg = Debug|iPhoneSimulator
		{330C3A8D-942A-4015-8F89-3DD9DC818E86}.Debug|iPhoneSimulator.Build.0 = Debug|iPhoneSimulator
		{330C3A8D-942A-4015-8F89-3DD9DC818E86}.Release|Any CPU.ActiveCfg = Release|iPhone
		{330C3A8D-942A-4015-8F89-3DD9DC818E86}.Release|iPhone.ActiveCfg = Release|iPhone
		{330C3A8D-942A-4015-8F89-3DD9DC818E86}.Release|iPhone.Build.0 = Release|iPhone
		{330C3A8D-942A-4015-8F89-3DD9DC818E86}.Release|iPhoneSimulator.ActiveCfg = Release|iPhoneSimulator
		{330C3A8D-942A-4015-8F89-3DD9DC818E86}.Release|iPhoneSimulator.Build.0 = Release|iPhoneSimulator
	EndGlobalSection
	GlobalSection(SolutionProperties) = preSolution
		HideSolutionNode = FALSE
	EndGlobalSection
	GlobalSection(ExtensibilityGlobals) = postSolution
		SolutionGuid = {33110555-5E2B-4940-AAC6-68CE4127706E}
	EndGlobalSection
EndGlobal
